
Microsoft Visual Studio Solution File, Format Version 12.00
# Visual Studio 14
VisualStudioVersion = 14.0.24720.0
MinimumVisualStudioVersion = 10.0.40219.1
Project("{FAE04EC0-301F-11D3-BF4B-00C04F79EFBC}") = "Project Wargame", "Project Wargame\Project Wargame.csproj", "{ABB7D21C-4627-48C8-AAE8-B23F55BFF1C9}"
EndProject
Project("{FAE04EC0-301F-11D3-BF4B-00C04F79EFBC}") = "Engine", "Engine\Engine.csproj", "{F9375261-9FA5-4C75-9983-41F1922AD18A}"
EndProject
Global
	GlobalSection(SolutionConfigurationPlatforms) = preSolution
		Debug|Any CPU = Debug|Any CPU
		Release|Any CPU = Release|Any CPU
	EndGlobalSection
	GlobalSection(ProjectConfigurationPlatforms) = postSolution
		{ABB7D21C-4627-48C8-AAE8-B23F55BFF1C9}.Debug|Any CPU.ActiveCfg = Debug|Any CPU
		{ABB7D21C-4627-48C8-AAE8-B23F55BFF1C9}.Debug|Any CPU.Build.0 = Debug|Any CPU
		{ABB7D21C-4627-48C8-AAE8-B23F55BFF1C9}.Release|Any CPU.ActiveCfg = Release|Any CPU
		{ABB7D21C-4627-48C8-AAE8-B23F55BFF1C9}.Release|Any CPU.Build.0 = Release|Any CPU
		{F9375261-9FA5-4C75-9983-41F1922AD18A}.Debug|Any CPU.ActiveCfg = Debug|Any CPU
		{F9375261-9FA5-4C75-9983-41F1922AD18A}.Debug|Any CPU.Build.0 = Debug|Any CPU
		{F9375261-9FA5-4C75-9983-41F1922AD18A}.Release|Any CPU.ActiveCfg = Release|Any CPU
		{F9375261-9FA5-4C75-9983-41F1922AD18A}.Release|Any CPU.Build.0 = Release|Any CPU
	EndGlobalSection
	GlobalSection(SolutionProperties) = preSolution
		HideSolutionNode = FALSE
	EndGlobalSection
EndGlobal
